// !$*UTF8*$!
{
	archiveVersion = 1;
	classes = {
	};
	objectVersion = 46;
	objects = {

/* Begin PBXBuildFile section */
		8AD5C2E41DC2304E008FF975 /* AppDelegate.swift in Sources */ = {isa = PBXBuildFile; fileRef = 8AD5C2E31DC2304E008FF975 /* AppDelegate.swift */; };
		8AD5C2E61DC2304E008FF975 /* ViewController.swift in Sources */ = {isa = PBXBuildFile; fileRef = 8AD5C2E51DC2304E008FF975 /* ViewController.swift */; };
		8AD5C2E91DC2304E008FF975 /* Main.storyboard in Resources */ = {isa = PBXBuildFile; fileRef = 8AD5C2E71DC2304E008FF975 /* Main.storyboard */; };
		8AD5C2EB1DC2304E008FF975 /* Assets.xcassets in Resources */ = {isa = PBXBuildFile; fileRef = 8AD5C2EA1DC2304E008FF975 /* Assets.xcassets */; };
		8AD5C2EE1DC2304E008FF975 /* LaunchScreen.storyboard in Resources */ = {isa = PBXBuildFile; fileRef = 8AD5C2EC1DC2304E008FF975 /* LaunchScreen.storyboard */; };
/* End PBXBuildFile section */

/* Begin PBXFileReference section */
		8AD5C2E01DC2304E008FF975 /* image-example.app */ = {isa = PBXFileReference; explicitFileType = wrapper.application; includeInIndex = 0; path = "image-example.app"; sourceTree = BUILT_PRODUCTS_DIR; };
		8AD5C2E31DC2304E008FF975 /* AppDelegate.swift */ = {isa = PBXFileReference; lastKnownFileType = sourcecode.swift; path = AppDelegate.swift; sourceTree = "<group>"; };
		8AD5C2E51DC2304E008FF975 /* ViewController.swift */ = {isa = PBXFileReference; lastKnownFileType = sourcecode.swift; path = ViewController.swift; sourceTree = "<group>"; };
		8AD5C2E81DC2304E008FF975 /* Base */ = {isa = PBXFileReference; lastKnownFileType = file.storyboard; name = Base; path = Base.lproj/Main.storyboard; sourceTree = "<group>"; };
		8AD5C2EA1DC2304E008FF975 /* Assets.xcassets */ = {isa = PBXFileReference; lastKnownFileType = folder.assetcatalog; path = Assets.xcassets; sourceTree = "<group>"; };
		8AD5C2ED1DC2304E008FF975 /* Base */ = {isa = PBXFileReference; lastKnownFileType = file.storyboard; name = Base; path = Base.lproj/LaunchScreen.storyboard; sourceTree = "<group>"; };
		8AD5C2EF1DC2304E008FF975 /* Info.plist */ = {isa = PBXFileReference; lastKnownFileType = text.plist.xml; path = Info.plist; sourceTree = "<group>"; };
/* End PBXFileReference section */

/* Begin PBXFrameworksBuildPhase section */
		8AD5C2DD1DC2304E008FF975 /* Frameworks */ = {
			isa = PBXFrameworksBuildPhase;
			buildActionMask = 2147483647;
			files = (
			);
			runOnlyForDeploymentPostprocessing = 0;
		};
/* End PBXFrameworksBuildPhase section */

/* Begin PBXGroup section */
		8AD5C2D71DC2304D008FF975 = {
			isa = PBXGroup;
			children = (
				8AD5C2E21DC2304E008FF975 /* image-example */,
				8AD5C2E11DC2304E008FF975 /* Products */,
			);
			sourceTree = "<group>";
		};
		8AD5C2E11DC2304E008FF975 /* Products */ = {
			isa = PBXGroup;
			children = (
				8AD5C2E01DC2304E008FF975 /* image-example.app */,
			);
			name = Products;
			sourceTree = "<group>";
		};
		8AD5C2E21DC2304E008FF975 /* image-example */ = {
			isa = PBXGroup;
			children = (
				8AD5C2E31DC2304E008FF975 /* AppDelegate.swift */,
				8AD5C2E51DC2304E008FF975 /* ViewController.swift */,
				8AD5C2E71DC2304E008FF975 /* Main.storyboard */,
				8AD5C2EA1DC2304E008FF975 /* Assets.xcassets */,
				8AD5C2EC1DC2304E008FF975 /* LaunchScreen.storyboard */,
				8AD5C2EF1DC2304E008FF975 /* Info.plist */,
			);
			path = "image-example";
			sourceTree = "<group>";
		};
/* End PBXGroup section */

/* Begin PBXNativeTarget section */
		8AD5C2DF1DC2304E008FF975 /* image-example */ = {
			isa = PBXNativeTarget;
			buildConfigurationList = 8AD5C2F21DC2304E008FF975 /* Build configuration list for PBXNativeTarget "image-example" */;
			buildPhases = (
				8AD5C2DC1DC2304E008FF975 /* Sources */,
				8AD5C2DD1DC2304E008FF975 /* Frameworks */,
				8AD5C2DE1DC2304E008FF975 /* Resources */,
			);
			buildRules = (
			);
			dependencies = (
			);
			name = "image-example";
			productName = "image-example";
			productReference = 8AD5C2E01DC2304E008FF975 /* image-example.app */;
			productType = "com.apple.product-type.application";
		};
/* End PBXNativeTarget section */

/* Begin PBXProject section */
		8AD5C2D81DC2304E008FF975 /* Project object */ = {
			isa = PBXProject;
			attributes = {
				LastSwiftUpdateCheck = 0800;
				LastUpgradeCheck = 0800;
				ORGANIZATIONNAME = swiftcafe;
				TargetAttributes = {
					8AD5C2DF1DC2304E008FF975 = {
						CreatedOnToolsVersion = 8.0;
						ProvisioningStyle = Automatic;
					};
				};
			};
			buildConfigurationList = 8AD5C2DB1DC2304E008FF975 /* Build configuration list for PBXProject "image-example" */;
			compatibilityVersion = "Xcode 3.2";
			developmentRegion = English;
			hasScannedForEncodings = 0;
			knownRegions = (
				en,
				Base,
			);
			mainGroup = 8AD5C2D71DC2304D008FF975;
			productRefGroup = 8AD5C2E11DC2304E008FF975 /* Products */;
			projectDirPath = "";
			projectRoot = "";
			targets = (
				8AD5C2DF1DC2304E008FF975 /* image-example */,
			);
		};
/* End PBXProject section */

/* Begin PBXResourcesBuildPhase section */
		8AD5C2DE1DC2304E008FF975 /* Resources */ = {
			isa = PBXResourcesBuildPhase;
			buildActionMask = 2147483647;
			files = (
				8AD5C2EE1DC2304E008FF975 /* LaunchScreen.storyboard in Resources */,
				8AD5C2EB1DC2304E008FF975 /* Assets.xcassets in Resources */,
				8AD5C2E91DC2304E008FF975 /* Main.storyboard in Resources */,
			);
			runOnlyForDeploymentPostprocessing = 0;
		};
/* End PBXResourcesBuildPhase section */

/* Begin PBXSourcesBuildPhase section */
		8AD5C2DC1DC2304E008FF975 /* Sources */ = {
			isa = PBXSourcesBuildPhase;
			buildActionMask = 2147483647;
			files = (
				8AD5C2E61DC2304E008FF975 /* ViewController.swift in Sources */,
				8AD5C2E41DC2304E008FF975 /* AppDelegate.swift in Sources */,
			);
			runOnlyForDeploymentPostprocessing = 0;
		};
/* End PBXSourcesBuildPhase section */

/* Begin PBXVariantGroup section */
		8AD5C2E71DC2304E008FF975 /* Main.storyboard */ = {
			isa = PBXVariantGroup;
			children = (
				8AD5C2E81DC2304E008FF975 /* Base */,
			);
			name = Main.storyboard;
			sourceTree = "<group>";
		};
		8AD5C2EC1DC2304E008FF975 /* LaunchScreen.storyboard */ = {
			isa = PBXVariantGroup;
			children = (
				8AD5C2ED1DC2304E008FF975 /* Base */,
			);
			name = LaunchScreen.storyboard;
			sourceTree = "<group>";
		};
/* End PBXVariantGroup section */

/* Begin XCBuildConfiguration section */
		8AD5C2F01DC2304E008FF975 /* Debug */ = {
			isa = XCBuildConfiguration;
			buildSettings = {
				ALWAYS_SEARCH_USER_PATHS = NO;
				CLANG_ANALYZER_NONNULL = YES;
				CLANG_CXX_LANGUAGE_STANDARD = "gnu++0x";
				CLANG_CXX_LIBRARY = "libc++";
				CLANG_ENABLE_MODULES = YES;
				CLANG_ENABLE_OBJC_ARC = YES;
				CLANG_WARN_BOOL_CONVERSION = YES;
				CLANG_WARN_CONSTANT_CONVERSION = YES;
				CLANG_WARN_DIRECT_OBJC_ISA_USAGE = YES_ERROR;
				CLANG_WARN_DOCUMENTATION_COMMENTS = YES;
				CLANG_WARN_EMPTY_BODY = YES;
				CLANG_WARN_ENUM_CONVERSION = YES;
				CLANG_WARN_INFINITE_RECURSION = YES;
				CLANG_WARN_INT_CONVERSION = YES;
				CLANG_WARN_OBJC_ROOT_CLASS = YES_ERROR;
				CLANG_WARN_SUSPICIOUS_MOVES = YES;
				CLANG_WARN_UNREACHABLE_CODE = YES;
				CLANG_WARN__DUPLICATE_METHOD_MATCH = YES;
				"CODE_SIGN_IDENTITY[sdk=iphoneos*]" = "iPhone Developer";
				COPY_PHASE_STRIP = NO;
				DEBUG_INFORMATION_FORMAT = dwarf;
				ENABLE_STRICT_OBJC_MSGSEND = YES;
				ENABLE_TESTABILITY = YES;
				GCC_C_LANGUAGE_STANDARD = gnu99;
				GCC_DYNAMIC_NO_PIC = NO;
				GCC_NO_COMMON_BLOCKS = YES;
				GCC_OPTIMIZATION_LEVEL = 0;
				GCC_PREPROCESSOR_DEFINITIONS = (
					"DEBUG=1",
					"$(inherited)",
				);
				GCC_WARN_64_TO_32_BIT_CONVERSION = YES;
				GCC_WARN_ABOUT_RETURN_TYPE = YES_ERROR;
				GCC_WARN_UNDECLARED_SELECTOR = YES;
				GCC_WARN_UNINITIALIZED_AUTOS = YES_AGGRESSIVE;
				GCC_WARN_UNUSED_FUNCTION = YES;
				GCC_WARN_UNUSED_VARIABLE = YES;
				IPHONEOS_DEPLOYMENT_TARGET = 10.0;
				MTL_ENABLE_DEBUG_INFO = YES;
				ONLY_ACTIVE_ARCH = YES;
				SDKROOT = iphoneos;
				SWIFT_ACTIVE_COMPILATION_CONDITIONS = DEBUG;
				SWIFT_OPTIMIZATION_LEVEL = "-Onone";
			};
			name = Debug;
		};
		8AD5C2F11DC2304E008FF975 /* Release */ = {
			isa = XCBuildConfiguration;
			buildSettings = {
				ALWAYS_SEARCH_USER_PATHS = NO;
				CLANG_ANALYZER_NONNULL = YES;
				CLANG_CXX_LANGUAGE_STANDARD = "gnu++0x";
				CLANG_CXX_LIBRARY = "libc++";
				CLANG_ENABLE_MODULES = YES;
				CLANG_ENABLE_OBJC_ARC = YES;
				CLANG_WARN_BOOL_CONVERSION = YES;
				CLANG_WARN_CONSTANT_CONVERSION = YES;
				CLANG_WARN_DIRECT_OBJC_ISA_USAGE = YES_ERROR;
				CLANG_WARN_DOCUMENTATION_COMMENTS = YES;
				CLANG_WARN_EMPTY_BODY = YES;
				CLANG_WARN_ENUM_CONVERSION = YES;
				CLANG_WARN_INFINITE_RECURSION = YES;
				CLANG_WARN_INT_CONVERSION = YES;
				CLANG_WARN_OBJC_ROOT_CLASS = YES_ERROR;
				CLANG_WARN_SUSPICIOUS_MOVES = YES;
				CLANG_WARN_UNREACHABLE_CODE = YES;
				CLANG_WARN__DUPLICATE_METHOD_MATCH = YES;
				"CODE_SIGN_IDENTITY[sdk=iphoneos*]" = "iPhone Developer";
				COPY_PHASE_STRIP = NO;
				DEBUG_INFORMATION_FORMAT = "dwarf-with-dsym";
				ENABLE_NS_ASSERTIONS = NO;
				ENABLE_STRICT_OBJC_MSGSEND = YES;
				GCC_C_LANGUAGE_STANDARD = gnu99;
				GCC_NO_COMMON_BLOCKS = YES;
				GCC_WARN_64_TO_32_BIT_CONVERSION = YES;
				GCC_WARN_ABOUT_RETURN_TYPE = YES_ERROR;
				GCC_WARN_UNDECLARED_SELECTOR = YES;
				GCC_WARN_UNINITIALIZED_AUTOS = YES_AGGRESSIVE;
				GCC_WARN_UNUSED_FUNCTION = YES;
				GCC_WARN_UNUSED_VARIABLE = YES;
				IPHONEOS_DEPLOYMENT_TARGET = 10.0;
				MTL_ENABLE_DEBUG_INFO = NO;
				SDKROOT = iphoneos;
				SWIFT_OPTIMIZATION_LEVEL = "-Owholemodule";
				VALIDATE_PRODUCT = YES;
			};
			name = Release;
		};
		8AD5C2F31DC2304E008FF975 /* Debug */ = {
			isa = XCBuildConfiguration;
			buildSettings = {
				ASSETCATALOG_COMPILER_APPICON_NAME = AppIcon;
				INFOPLIST_FILE = "image-example/Info.plist";
				LD_RUNPATH_SEARCH_PATHS = "$(inherited) @executable_path/Frameworks";
				PRODUCT_BUNDLE_IDENTIFIER = "io.swiftcafe.image-example";
				PRODUCT_NAME = "$(TARGET_NAME)";
				SWIFT_VERSION = 3.0;
			};
			name = Debug;
		};
		8AD5C2F41DC2304E008FF975 /* Release */ = {
			isa = XCBuildConfiguration;
			buildSettings = {
				ASSETCATALOG_COMPILER_APPICON_NAME = AppIcon;
				INFOPLIST_FILE = "image-example/Info.plist";
				LD_RUNPATH_SEARCH_PATHS = "$(inherited) @executable_path/Frameworks";
				PRODUCT_BUNDLE_IDENTIFIER = "io.swiftcafe.image-example";
				PRODUCT_NAME = "$(TARGET_NAME)";
				SWIFT_VERSION = 3.0;
			};
			name = Release;
		};
/* End XCBuildConfiguration section */

/* Begin XCConfigurationList section */
		8AD5C2DB1DC2304E008FF975 /* Build configuration list for PBXProject "image-example" */ = {
			isa = XCConfigurationList;
			buildConfigurations = (
				8AD5C2F01DC2304E008FF975 /* Debug */,
				8AD5C2F11DC2304E008FF975 /* Release */,
			);
			defaultConfigurationIsVisible = 0;
			defaultConfigurationName = Release;
		};
		8AD5C2F21DC2304E008FF975 /* Build configuration list for PBXNativeTarget "image-example" */ = {
			isa = XCConfigurationList;
			buildConfigurations = (
				8AD5C2F31DC2304E008FF975 /* Debug */,
				8AD5C2F41DC2304E008FF975 /* Release */,
			);
			defaultConfigurationIsVisible = 0;
		};
/* End XCConfigurationList section */
	};
	rootObject = 8AD5C2D81DC2304E008FF975 /* Project object */;
}
