// !$*UTF8*$!
{
	archiveVersion = 1;
	classes = {
	};
	objectVersion = 50;
	objects = {

/* Begin PBXBuildFile section */
		100B90042164F09000171BB8 /* AppDelegate.swift in Sources */ = {isa = PBXBuildFile; fileRef = 100B90032164F09000171BB8 /* AppDelegate.swift */; };
		100B90062164F09000171BB8 /* ViewController.swift in Sources */ = {isa = PBXBuildFile; fileRef = 100B90052164F09000171BB8 /* ViewController.swift */; };
		100B90092164F09000171BB8 /* Main.storyboard in Resources */ = {isa = PBXBuildFile; fileRef = 100B90072164F09000171BB8 /* Main.storyboard */; };
		100B900B2164F09100171BB8 /* Assets.xcassets in Resources */ = {isa = PBXBuildFile; fileRef = 100B900A2164F09100171BB8 /* Assets.xcassets */; };
		100B900E2164F09100171BB8 /* LaunchScreen.storyboard in Resources */ = {isa = PBXBuildFile; fileRef = 100B900C2164F09100171BB8 /* LaunchScreen.storyboard */; };
		100B90162164FFA400171BB8 /* MergeEditViewController.swift in Sources */ = {isa = PBXBuildFile; fileRef = 100B90152164FFA400171BB8 /* MergeEditViewController.swift */; };
		100B9019216502E400171BB8 /* MergeTitleView.swift in Sources */ = {isa = PBXBuildFile; fileRef = 100B9018216502E400171BB8 /* MergeTitleView.swift */; };
		100B901B21650A7800171BB8 /* BaseNavViewController.swift in Sources */ = {isa = PBXBuildFile; fileRef = 100B901A21650A7800171BB8 /* BaseNavViewController.swift */; };
		100B901D21650E7500171BB8 /* MergePreviewView.swift in Sources */ = {isa = PBXBuildFile; fileRef = 100B901C21650E7500171BB8 /* MergePreviewView.swift */; };
		100B90202166062D00171BB8 /* ResultViewController.swift in Sources */ = {isa = PBXBuildFile; fileRef = 100B901F2166062D00171BB8 /* ResultViewController.swift */; };
		100B90222166223D00171BB8 /* ResultTitleView.swift in Sources */ = {isa = PBXBuildFile; fileRef = 100B90212166223D00171BB8 /* ResultTitleView.swift */; };
		100B902421666E6A00171BB8 /* ResultButton.swift in Sources */ = {isa = PBXBuildFile; fileRef = 100B902321666E6A00171BB8 /* ResultButton.swift */; };
		6FD5131221A3EE7500910F49 /* PermissionView.swift in Sources */ = {isa = PBXBuildFile; fileRef = 6FD5131121A3EE7500910F49 /* PermissionView.swift */; };
		EBB6B7AFCAC733F7B2C6AAC3 /* Pods_merger.framework in Frameworks */ = {isa = PBXBuildFile; fileRef = 057E1BB39A9CBEDC37F56144 /* Pods_merger.framework */; };
/* End PBXBuildFile section */

/* Begin PBXFileReference section */
		057E1BB39A9CBEDC37F56144 /* Pods_merger.framework */ = {isa = PBXFileReference; explicitFileType = wrapper.framework; includeInIndex = 0; path = Pods_merger.framework; sourceTree = BUILT_PRODUCTS_DIR; };
		100A971C2168B5F100CC77B5 /* BridgeHeader.h */ = {isa = PBXFileReference; lastKnownFileType = sourcecode.c.h; path = BridgeHeader.h; sourceTree = "<group>"; };
		100B90002164F09000171BB8 /* merger.app */ = {isa = PBXFileReference; explicitFileType = wrapper.application; includeInIndex = 0; path = merger.app; sourceTree = BUILT_PRODUCTS_DIR; };
		100B90032164F09000171BB8 /* AppDelegate.swift */ = {isa = PBXFileReference; lastKnownFileType = sourcecode.swift; path = AppDelegate.swift; sourceTree = "<group>"; };
		100B90052164F09000171BB8 /* ViewController.swift */ = {isa = PBXFileReference; lastKnownFileType = sourcecode.swift; path = ViewController.swift; sourceTree = "<group>"; };
		100B90082164F09000171BB8 /* Base */ = {isa = PBXFileReference; lastKnownFileType = file.storyboard; name = Base; path = Base.lproj/Main.storyboard; sourceTree = "<group>"; };
		100B900A2164F09100171BB8 /* Assets.xcassets */ = {isa = PBXFileReference; lastKnownFileType = folder.assetcatalog; path = Assets.xcassets; sourceTree = "<group>"; };
		100B900D2164F09100171BB8 /* Base */ = {isa = PBXFileReference; lastKnownFileType = file.storyboard; name = Base; path = Base.lproj/LaunchScreen.storyboard; sourceTree = "<group>"; };
		100B900F2164F09100171BB8 /* Info.plist */ = {isa = PBXFileReference; lastKnownFileType = text.plist.xml; path = Info.plist; sourceTree = "<group>"; };
		100B90152164FFA400171BB8 /* MergeEditViewController.swift */ = {isa = PBXFileReference; lastKnownFileType = sourcecode.swift; path = MergeEditViewController.swift; sourceTree = "<group>"; };
		100B9018216502E400171BB8 /* MergeTitleView.swift */ = {isa = PBXFileReference; lastKnownFileType = sourcecode.swift; path = MergeTitleView.swift; sourceTree = "<group>"; };
		100B901A21650A7800171BB8 /* BaseNavViewController.swift */ = {isa = PBXFileReference; lastKnownFileType = sourcecode.swift; path = BaseNavViewController.swift; sourceTree = "<group>"; };
		100B901C21650E7500171BB8 /* MergePreviewView.swift */ = {isa = PBXFileReference; lastKnownFileType = sourcecode.swift; path = MergePreviewView.swift; sourceTree = "<group>"; };
		100B901F2166062D00171BB8 /* ResultViewController.swift */ = {isa = PBXFileReference; lastKnownFileType = sourcecode.swift; path = ResultViewController.swift; sourceTree = "<group>"; };
		100B90212166223D00171BB8 /* ResultTitleView.swift */ = {isa = PBXFileReference; lastKnownFileType = sourcecode.swift; path = ResultTitleView.swift; sourceTree = "<group>"; };
		100B902321666E6A00171BB8 /* ResultButton.swift */ = {isa = PBXFileReference; lastKnownFileType = sourcecode.swift; path = ResultButton.swift; sourceTree = "<group>"; };
		6FD5131121A3EE7500910F49 /* PermissionView.swift */ = {isa = PBXFileReference; lastKnownFileType = sourcecode.swift; path = PermissionView.swift; sourceTree = "<group>"; };
		F0F73821927ADC6D0C58AC48 /* Pods-merger.debug.xcconfig */ = {isa = PBXFileReference; includeInIndex = 1; lastKnownFileType = text.xcconfig; name = "Pods-merger.debug.xcconfig"; path = "Pods/Target Support Files/Pods-merger/Pods-merger.debug.xcconfig"; sourceTree = "<group>"; };
		F87AB1BEDE2DE1FFAFB428D4 /* Pods-merger.release.xcconfig */ = {isa = PBXFileReference; includeInIndex = 1; lastKnownFileType = text.xcconfig; name = "Pods-merger.release.xcconfig"; path = "Pods/Target Support Files/Pods-merger/Pods-merger.release.xcconfig"; sourceTree = "<group>"; };
/* End PBXFileReference section */

/* Begin PBXFrameworksBuildPhase section */
		100B8FFD2164F09000171BB8 /* Frameworks */ = {
			isa = PBXFrameworksBuildPhase;
			buildActionMask = 2147483647;
			files = (
				EBB6B7AFCAC733F7B2C6AAC3 /* Pods_merger.framework in Frameworks */,
			);
			runOnlyForDeploymentPostprocessing = 0;
		};
/* End PBXFrameworksBuildPhase section */

/* Begin PBXGroup section */
		02ECB0116CE5A2F2015AF2CD /* Pods */ = {
			isa = PBXGroup;
			children = (
				F0F73821927ADC6D0C58AC48 /* Pods-merger.debug.xcconfig */,
				F87AB1BEDE2DE1FFAFB428D4 /* Pods-merger.release.xcconfig */,
			);
			name = Pods;
			sourceTree = "<group>";
		};
		100B8FF72164F09000171BB8 = {
			isa = PBXGroup;
			children = (
				100B90022164F09000171BB8 /* merger22 */,
				100B90012164F09000171BB8 /* Products */,
				02ECB0116CE5A2F2015AF2CD /* Pods */,
				D9F72B4707AF4C259ECFEFD6 /* Frameworks */,
			);
			sourceTree = "<group>";
		};
		100B90012164F09000171BB8 /* Products */ = {
			isa = PBXGroup;
			children = (
				100B90002164F09000171BB8 /* merger.app */,
			);
			name = Products;
			sourceTree = "<group>";
		};
		100B90022164F09000171BB8 /* merger22 */ = {
			isa = PBXGroup;
			children = (
				6FD5131021A3EE6600910F49 /* Comps */,
				100B901E216604BA00171BB8 /* ResultView */,
				100B9017216502AB00171BB8 /* MergerView */,
				100B90032164F09000171BB8 /* AppDelegate.swift */,
				100B90052164F09000171BB8 /* ViewController.swift */,
				100B90072164F09000171BB8 /* Main.storyboard */,
				100B900C2164F09100171BB8 /* LaunchScreen.storyboard */,
				100B900F2164F09100171BB8 /* Info.plist */,
				100B901A21650A7800171BB8 /* BaseNavViewController.swift */,
				100A971C2168B5F100CC77B5 /* BridgeHeader.h */,
			);
			path = merger22;
			sourceTree = "<group>";
		};
		100B9017216502AB00171BB8 /* MergerView */ = {
			isa = PBXGroup;
			children = (
				100B90152164FFA400171BB8 /* MergeEditViewController.swift */,
				100B9018216502E400171BB8 /* MergeTitleView.swift */,
				100B901C21650E7500171BB8 /* MergePreviewView.swift */,
			);
			path = MergerView;
			sourceTree = "<group>";
		};
		100B901E216604BA00171BB8 /* ResultView */ = {
			isa = PBXGroup;
			children = (
				100B901F2166062D00171BB8 /* ResultViewController.swift */,
				100B90212166223D00171BB8 /* ResultTitleView.swift */,
				100B902321666E6A00171BB8 /* ResultButton.swift */,
			);
			path = ResultView;
			sourceTree = "<group>";
		};
		6FD5131021A3EE6600910F49 /* Comps */ = {
			isa = PBXGroup;
			children = (
				100B900A2164F09100171BB8 /* Assets.xcassets */,
				6FD5131121A3EE7500910F49 /* PermissionView.swift */,
			);
			path = Comps;
			sourceTree = "<group>";
		};
		D9F72B4707AF4C259ECFEFD6 /* Frameworks */ = {
			isa = PBXGroup;
			children = (
				057E1BB39A9CBEDC37F56144 /* Pods_merger.framework */,
			);
			name = Frameworks;
			sourceTree = "<group>";
		};
/* End PBXGroup section */

/* Begin PBXNativeTarget section */
		100B8FFF2164F09000171BB8 /* merger */ = {
			isa = PBXNativeTarget;
			buildConfigurationList = 100B90122164F09100171BB8 /* Build configuration list for PBXNativeTarget "merger" */;
			buildPhases = (
				82871D7583C758D62CC0D554 /* [CP] Check Pods Manifest.lock */,
				100B8FFC2164F09000171BB8 /* Sources */,
				100B8FFD2164F09000171BB8 /* Frameworks */,
				100B8FFE2164F09000171BB8 /* Resources */,
				DE57D755AF422B4DD2AD20B6 /* [CP] Embed Pods Frameworks */,
			);
			buildRules = (
			);
			dependencies = (
			);
			name = merger;
			productName = merger;
			productReference = 100B90002164F09000171BB8 /* merger.app */;
			productType = "com.apple.product-type.application";
		};
/* End PBXNativeTarget section */

/* Begin PBXProject section */
		100B8FF82164F09000171BB8 /* Project object */ = {
			isa = PBXProject;
			attributes = {
				LastSwiftUpdateCheck = 1000;
				LastUpgradeCheck = 1000;
				ORGANIZATIONNAME = marspro;
				TargetAttributes = {
					100B8FFF2164F09000171BB8 = {
						CreatedOnToolsVersion = 10.0;
					};
				};
			};
			buildConfigurationList = 100B8FFB2164F09000171BB8 /* Build configuration list for PBXProject "merger" */;
			compatibilityVersion = "Xcode 9.3";
			developmentRegion = en;
			hasScannedForEncodings = 0;
			knownRegions = (
				en,
				Base,
			);
			mainGroup = 100B8FF72164F09000171BB8;
			productRefGroup = 100B90012164F09000171BB8 /* Products */;
			projectDirPath = "";
			projectRoot = "";
			targets = (
				100B8FFF2164F09000171BB8 /* merger */,
			);
		};
/* End PBXProject section */

/* Begin PBXResourcesBuildPhase section */
		100B8FFE2164F09000171BB8 /* Resources */ = {
			isa = PBXResourcesBuildPhase;
			buildActionMask = 2147483647;
			files = (
				100B900E2164F09100171BB8 /* LaunchScreen.storyboard in Resources */,
				100B900B2164F09100171BB8 /* Assets.xcassets in Resources */,
				100B90092164F09000171BB8 /* Main.storyboard in Resources */,
			);
			runOnlyForDeploymentPostprocessing = 0;
		};
/* End PBXResourcesBuildPhase section */

/* Begin PBXShellScriptBuildPhase section */
		82871D7583C758D62CC0D554 /* [CP] Check Pods Manifest.lock */ = {
			isa = PBXShellScriptBuildPhase;
			buildActionMask = 2147483647;
			files = (
			);
			inputPaths = (
				"${PODS_PODFILE_DIR_PATH}/Podfile.lock",
				"${PODS_ROOT}/Manifest.lock",
			);
			name = "[CP] Check Pods Manifest.lock";
			outputPaths = (
				"$(DERIVED_FILE_DIR)/Pods-merger-checkManifestLockResult.txt",
			);
			runOnlyForDeploymentPostprocessing = 0;
			shellPath = /bin/sh;
			shellScript = "diff \"${PODS_PODFILE_DIR_PATH}/Podfile.lock\" \"${PODS_ROOT}/Manifest.lock\" > /dev/null\nif [ $? != 0 ] ; then\n    # print error to STDERR\n    echo \"error: The sandbox is not in sync with the Podfile.lock. Run 'pod install' or update your CocoaPods installation.\" >&2\n    exit 1\nfi\n# This output is used by Xcode 'outputs' to avoid re-running this script phase.\necho \"SUCCESS\" > \"${SCRIPT_OUTPUT_FILE_0}\"\n";
			showEnvVarsInLog = 0;
		};
		DE57D755AF422B4DD2AD20B6 /* [CP] Embed Pods Frameworks */ = {
			isa = PBXShellScriptBuildPhase;
			buildActionMask = 2147483647;
			files = (
			);
			inputPaths = (
				"${SRCROOT}/Pods/Target Support Files/Pods-merger/Pods-merger-frameworks.sh",
				"${BUILT_PRODUCTS_DIR}/CircleProgressBar/CircleProgressBar.framework",
				"${BUILT_PRODUCTS_DIR}/DropletImageProcessor/DropletImageProcessor.framework",
				"${BUILT_PRODUCTS_DIR}/GracefulImagePicker/GracefulImagePicker.framework",
				"${BUILT_PRODUCTS_DIR}/PKHUD/PKHUD.framework",
				"${BUILT_PRODUCTS_DIR}/UIColor_Hex_Swift/UIColor_Hex_Swift.framework",
			);
			name = "[CP] Embed Pods Frameworks";
			outputPaths = (
				"${TARGET_BUILD_DIR}/${FRAMEWORKS_FOLDER_PATH}/CircleProgressBar.framework",
				"${TARGET_BUILD_DIR}/${FRAMEWORKS_FOLDER_PATH}/DropletImageProcessor.framework",
				"${TARGET_BUILD_DIR}/${FRAMEWORKS_FOLDER_PATH}/GracefulImagePicker.framework",
				"${TARGET_BUILD_DIR}/${FRAMEWORKS_FOLDER_PATH}/PKHUD.framework",
				"${TARGET_BUILD_DIR}/${FRAMEWORKS_FOLDER_PATH}/UIColor_Hex_Swift.framework",
			);
			runOnlyForDeploymentPostprocessing = 0;
			shellPath = /bin/sh;
			shellScript = "\"${SRCROOT}/Pods/Target Support Files/Pods-merger/Pods-merger-frameworks.sh\"\n";
			showEnvVarsInLog = 0;
		};
/* End PBXShellScriptBuildPhase section */

/* Begin PBXSourcesBuildPhase section */
		100B8FFC2164F09000171BB8 /* Sources */ = {
			isa = PBXSourcesBuildPhase;
			buildActionMask = 2147483647;
			files = (
				100B901B21650A7800171BB8 /* BaseNavViewController.swift in Sources */,
				100B9019216502E400171BB8 /* MergeTitleView.swift in Sources */,
				100B90202166062D00171BB8 /* ResultViewController.swift in Sources */,
				100B90062164F09000171BB8 /* ViewController.swift in Sources */,
				100B90222166223D00171BB8 /* ResultTitleView.swift in Sources */,
				6FD5131221A3EE7500910F49 /* PermissionView.swift in Sources */,
				100B90042164F09000171BB8 /* AppDelegate.swift in Sources */,
				100B901D21650E7500171BB8 /* MergePreviewView.swift in Sources */,
				100B902421666E6A00171BB8 /* ResultButton.swift in Sources */,
				100B90162164FFA400171BB8 /* MergeEditViewController.swift in Sources */,
			);
			runOnlyForDeploymentPostprocessing = 0;
		};
/* End PBXSourcesBuildPhase section */

/* Begin PBXVariantGroup section */
		100B90072164F09000171BB8 /* Main.storyboard */ = {
			isa = PBXVariantGroup;
			children = (
				100B90082164F09000171BB8 /* Base */,
			);
			name = Main.storyboard;
			sourceTree = "<group>";
		};
		100B900C2164F09100171BB8 /* LaunchScreen.storyboard */ = {
			isa = PBXVariantGroup;
			children = (
				100B900D2164F09100171BB8 /* Base */,
			);
			name = LaunchScreen.storyboard;
			sourceTree = "<group>";
		};
/* End PBXVariantGroup section */

/* Begin XCBuildConfiguration section */
		100B90102164F09100171BB8 /* Debug */ = {
			isa = XCBuildConfiguration;
			buildSettings = {
				ALWAYS_SEARCH_USER_PATHS = NO;
				CLANG_ANALYZER_NONNULL = YES;
				CLANG_ANALYZER_NUMBER_OBJECT_CONVERSION = YES_AGGRESSIVE;
				CLANG_CXX_LANGUAGE_STANDARD = "gnu++14";
				CLANG_CXX_LIBRARY = "libc++";
				CLANG_ENABLE_MODULES = YES;
				CLANG_ENABLE_OBJC_ARC = YES;
				CLANG_ENABLE_OBJC_WEAK = YES;
				CLANG_WARN_BLOCK_CAPTURE_AUTORELEASING = YES;
				CLANG_WARN_BOOL_CONVERSION = YES;
				CLANG_WARN_COMMA = YES;
				CLANG_WARN_CONSTANT_CONVERSION = YES;
				CLANG_WARN_DEPRECATED_OBJC_IMPLEMENTATIONS = YES;
				CLANG_WARN_DIRECT_OBJC_ISA_USAGE = YES_ERROR;
				CLANG_WARN_DOCUMENTATION_COMMENTS = YES;
				CLANG_WARN_EMPTY_BODY = YES;
				CLANG_WARN_ENUM_CONVERSION = YES;
				CLANG_WARN_INFINITE_RECURSION = YES;
				CLANG_WARN_INT_CONVERSION = YES;
				CLANG_WARN_NON_LITERAL_NULL_CONVERSION = YES;
				CLANG_WARN_OBJC_IMPLICIT_RETAIN_SELF = YES;
				CLANG_WARN_OBJC_LITERAL_CONVERSION = YES;
				CLANG_WARN_OBJC_ROOT_CLASS = YES_ERROR;
				CLANG_WARN_RANGE_LOOP_ANALYSIS = YES;
				CLANG_WARN_STRICT_PROTOTYPES = YES;
				CLANG_WARN_SUSPICIOUS_MOVE = YES;
				CLANG_WARN_UNGUARDED_AVAILABILITY = YES_AGGRESSIVE;
				CLANG_WARN_UNREACHABLE_CODE = YES;
				CLANG_WARN__DUPLICATE_METHOD_MATCH = YES;
				CODE_SIGN_IDENTITY = "iPhone Developer";
				COPY_PHASE_STRIP = NO;
				DEBUG_INFORMATION_FORMAT = dwarf;
				ENABLE_STRICT_OBJC_MSGSEND = YES;
				ENABLE_TESTABILITY = YES;
				GCC_C_LANGUAGE_STANDARD = gnu11;
				GCC_DYNAMIC_NO_PIC = NO;
				GCC_NO_COMMON_BLOCKS = YES;
				GCC_OPTIMIZATION_LEVEL = 0;
				GCC_PREPROCESSOR_DEFINITIONS = (
					"DEBUG=1",
					"$(inherited)",
				);
				GCC_WARN_64_TO_32_BIT_CONVERSION = YES;
				GCC_WARN_ABOUT_RETURN_TYPE = YES_ERROR;
				GCC_WARN_UNDECLARED_SELECTOR = YES;
				GCC_WARN_UNINITIALIZED_AUTOS = YES_AGGRESSIVE;
				GCC_WARN_UNUSED_FUNCTION = YES;
				GCC_WARN_UNUSED_VARIABLE = YES;
				IPHONEOS_DEPLOYMENT_TARGET = 12.0;
				MTL_ENABLE_DEBUG_INFO = INCLUDE_SOURCE;
				MTL_FAST_MATH = YES;
				ONLY_ACTIVE_ARCH = YES;
				SDKROOT = iphoneos;
				SWIFT_ACTIVE_COMPILATION_CONDITIONS = DEBUG;
				SWIFT_OPTIMIZATION_LEVEL = "-Onone";
			};
			name = Debug;
		};
		100B90112164F09100171BB8 /* Release */ = {
			isa = XCBuildConfiguration;
			buildSettings = {
				ALWAYS_SEARCH_USER_PATHS = NO;
				CLANG_ANALYZER_NONNULL = YES;
				CLANG_ANALYZER_NUMBER_OBJECT_CONVERSION = YES_AGGRESSIVE;
				CLANG_CXX_LANGUAGE_STANDARD = "gnu++14";
				CLANG_CXX_LIBRARY = "libc++";
				CLANG_ENABLE_MODULES = YES;
				CLANG_ENABLE_OBJC_ARC = YES;
				CLANG_ENABLE_OBJC_WEAK = YES;
				CLANG_WARN_BLOCK_CAPTURE_AUTORELEASING = YES;
				CLANG_WARN_BOOL_CONVERSION = YES;
				CLANG_WARN_COMMA = YES;
				CLANG_WARN_CONSTANT_CONVERSION = YES;
				CLANG_WARN_DEPRECATED_OBJC_IMPLEMENTATIONS = YES;
				CLANG_WARN_DIRECT_OBJC_ISA_USAGE = YES_ERROR;
				CLANG_WARN_DOCUMENTATION_COMMENTS = YES;
				CLANG_WARN_EMPTY_BODY = YES;
				CLANG_WARN_ENUM_CONVERSION = YES;
				CLANG_WARN_INFINITE_RECURSION = YES;
				CLANG_WARN_INT_CONVERSION = YES;
				CLANG_WARN_NON_LITERAL_NULL_CONVERSION = YES;
				CLANG_WARN_OBJC_IMPLICIT_RETAIN_SELF = YES;
				CLANG_WARN_OBJC_LITERAL_CONVERSION = YES;
				CLANG_WARN_OBJC_ROOT_CLASS = YES_ERROR;
				CLANG_WARN_RANGE_LOOP_ANALYSIS = YES;
				CLANG_WARN_STRICT_PROTOTYPES = YES;
				CLANG_WARN_SUSPICIOUS_MOVE = YES;
				CLANG_WARN_UNGUARDED_AVAILABILITY = YES_AGGRESSIVE;
				CLANG_WARN_UNREACHABLE_CODE = YES;
				CLANG_WARN__DUPLICATE_METHOD_MATCH = YES;
				CODE_SIGN_IDENTITY = "iPhone Developer";
				COPY_PHASE_STRIP = NO;
				DEBUG_INFORMATION_FORMAT = "dwarf-with-dsym";
				ENABLE_NS_ASSERTIONS = NO;
				ENABLE_STRICT_OBJC_MSGSEND = YES;
				GCC_C_LANGUAGE_STANDARD = gnu11;
				GCC_NO_COMMON_BLOCKS = YES;
				GCC_WARN_64_TO_32_BIT_CONVERSION = YES;
				GCC_WARN_ABOUT_RETURN_TYPE = YES_ERROR;
				GCC_WARN_UNDECLARED_SELECTOR = YES;
				GCC_WARN_UNINITIALIZED_AUTOS = YES_AGGRESSIVE;
				GCC_WARN_UNUSED_FUNCTION = YES;
				GCC_WARN_UNUSED_VARIABLE = YES;
				IPHONEOS_DEPLOYMENT_TARGET = 12.0;
				MTL_ENABLE_DEBUG_INFO = NO;
				MTL_FAST_MATH = YES;
				SDKROOT = iphoneos;
				SWIFT_COMPILATION_MODE = wholemodule;
				SWIFT_OPTIMIZATION_LEVEL = "-O";
				VALIDATE_PRODUCT = YES;
			};
			name = Release;
		};
		100B90132164F09100171BB8 /* Debug */ = {
			isa = XCBuildConfiguration;
			baseConfigurationReference = F0F73821927ADC6D0C58AC48 /* Pods-merger.debug.xcconfig */;
			buildSettings = {
				ASSETCATALOG_COMPILER_APPICON_NAME = Icon;
				ASSETCATALOG_COMPILER_LAUNCHIMAGE_NAME = LaunchImage;
				CODE_SIGN_STYLE = Automatic;
				DEVELOPMENT_TEAM = KTJ6WE34QL;
				INFOPLIST_FILE = merger/Info.plist;
				IPHONEOS_DEPLOYMENT_TARGET = 10.0;
				LD_RUNPATH_SEARCH_PATHS = (
					"$(inherited)",
					"@executable_path/Frameworks",
				);
				PRODUCT_BUNDLE_IDENTIFIER = com.gl9.merger;
				PRODUCT_NAME = "$(TARGET_NAME)";
				SWIFT_OBJC_BRIDGING_HEADER = "$(SRCROOT)/$(PRODUCT_NAME)/BridgeHeader.h";
				SWIFT_VERSION = 4.2;
				TARGETED_DEVICE_FAMILY = 1;
			};
			name = Debug;
		};
		100B90142164F09100171BB8 /* Release */ = {
			isa = XCBuildConfiguration;
			baseConfigurationReference = F87AB1BEDE2DE1FFAFB428D4 /* Pods-merger.release.xcconfig */;
			buildSettings = {
				ASSETCATALOG_COMPILER_APPICON_NAME = Icon;
				ASSETCATALOG_COMPILER_LAUNCHIMAGE_NAME = LaunchImage;
				CODE_SIGN_STYLE = Automatic;
				DEVELOPMENT_TEAM = KTJ6WE34QL;
				INFOPLIST_FILE = merger/Info.plist;
				IPHONEOS_DEPLOYMENT_TARGET = 10.0;
				LD_RUNPATH_SEARCH_PATHS = (
					"$(inherited)",
					"@executable_path/Frameworks",
				);
				PRODUCT_BUNDLE_IDENTIFIER = com.gl9.merger;
				PRODUCT_NAME = "$(TARGET_NAME)";
				SWIFT_OBJC_BRIDGING_HEADER = "$(SRCROOT)/$(PRODUCT_NAME)/BridgeHeader.h";
				SWIFT_VERSION = 4.2;
				TARGETED_DEVICE_FAMILY = 1;
			};
			name = Release;
		};
/* End XCBuildConfiguration section */

/* Begin XCConfigurationList section */
		100B8FFB2164F09000171BB8 /* Build configuration list for PBXProject "merger" */ = {
			isa = XCConfigurationList;
			buildConfigurations = (
				100B90102164F09100171BB8 /* Debug */,
				100B90112164F09100171BB8 /* Release */,
			);
			defaultConfigurationIsVisible = 0;
			defaultConfigurationName = Release;
		};
		100B90122164F09100171BB8 /* Build configuration list for PBXNativeTarget "merger" */ = {
			isa = XCConfigurationList;
			buildConfigurations = (
				100B90132164F09100171BB8 /* Debug */,
				100B90142164F09100171BB8 /* Release */,
			);
			defaultConfigurationIsVisible = 0;
			defaultConfigurationName = Release;
		};
/* End XCConfigurationList section */
	};
	rootObject = 100B8FF82164F09000171BB8 /* Project object */;
}
